hash: 9bc20adf14c7a10e60940a998dc1c36f96e1c720b8451c24f2b4ca49158c7463
updated: 2017-04-14T18:38:14.241928201+09:00
imports:
- name: github.com/alecthomas/jsonschema
  version: 7284d683b3771acbbc194b5829dd734711644ddc
- name: golang.org/x/net
  version: 5602c733f70afc6dcec6766be0d5034d4c4f14de
  subpackages:
  - context
testImports:
- name: github.com/davecgh/go-spew
  version: 04cdfd42973bb9c8589fd6a731800cf222fde1a9
  subpackages:
  - spew
- name: github.com/pmezard/go-difflib
  version: d8ed2627bdf02c080bf22230dbb337003b7aba2d
  subpackages:
  - difflib
- name: github.com/stretchr/testify
  version: 4d4bfba8f1d1027c4fdbe371823030df51419987
  subpackages:
  - assert
  - require
