hash: 14124e8ff5109300ce154ae36e9e2b89f0134266f3152fdf6548d7d5b18ea1c8
updated: 2017-08-26T16:15:26.848685671+09:00
imports:
- name: github.com/alecthomas/jsonschema
  version: 9f4e5b26ed7c5d8c89bed18400572059d71a25aa
- name: golang.org/x/net
  version: 4971afdc2f162e82d185353533d3cf16188a9f4e
  subpackages:
  - context
testImports:
- name: github.com/davecgh/go-spew
  version: 04cdfd42973bb9c8589fd6a731800cf222fde1a9
  subpackages:
  - spew
- name: github.com/pmezard/go-difflib
  version: d8ed2627bdf02c080bf22230dbb337003b7aba2d
  subpackages:
  - difflib
- name: github.com/stretchr/testify
  version: 18a02ba4a312f95da08ff4cfc0055750ce50ae9e
  subpackages:
  - assert
  - require
